{
  "name": "03_third_party_module",
  "lockfileVersion": 3,
  "requires": true,
  "packages": {
    "": {
      "dependencies": {
        "date-and-time": "^4.5.1"
      }
    },
    "node_modules/date-and-time": {
      "version": "4.5.1",
      "resolved": "https://registry.npmjs.org/date-and-time/-/date-and-time-4.5.1.tgz",
      "integrity": "sha512-VmQmwPPjL1kXSZzyGJEXj//EDwaPN+/9vdUW0dDBMuU7rqCCmkOPmG2n6amU5a1NXFIH8xTfOIlp2P4ozDS4HA==",
      "license": "MIT",
      "engines": {
        "node": ">=18"
      }
    }
  }
}
